
Microsoft Visual Studio Solution File, Format Version 12.00
# Visual Studio Version 17
VisualStudioVersion = 17.1.32210.238
MinimumVisualStudioVersion = 10.0.40219.1
Project("{9A19103F-16F7-4668-BE54-9A1E7A4F7556}") = "Shop.Api", "Shop.Api\Shop.Api.csproj", "{EFA975E3-9A02-4205-BBB8-9D976E765444}"
EndProject
Project("{9A19103F-16F7-4668-BE54-9A1E7A4F7556}") = "Shop.Models", "Shop.Models\Shop.Models.csproj", "{A1848CF1-865A-4EF4-863B-791862829CBC}"
EndProject
Project("{9A19103F-16F7-4668-BE54-9A1E7A4F7556}") = "Shop.Web", "Shop.Web\Shop.Web.csproj", "{945D0E5F-24A5-43EA-8FE0-246DC7D5D97C}"
EndProject
Project("{FAE04EC0-301F-11D3-BF4B-00C04F79EFBC}") = "Shop.Test", "Shop.Test\Shop.Test.csproj", "{7C749D74-0BEC-46FB-B9F2-C9B4CB81F185}"
EndProject
Global
	GlobalSection(SolutionConfigurationPlatforms) = preSolution
		Debug|Any CPU = Debug|Any CPU
		Release|Any CPU = Release|Any CPU
	EndGlobalSection
	GlobalSection(ProjectConfigurationPlatforms) = postSolution
		{EFA975E3-9A02-4205-BBB8-9D976E765444}.Debug|Any CPU.ActiveCfg = Debug|Any CPU
		{EFA975E3-9A02-4205-BBB8-9D976E765444}.Debug|Any CPU.Build.0 = Debug|Any CPU
		{EFA975E3-9A02-4205-BBB8-9D976E765444}.Release|Any CPU.ActiveCfg = Release|Any CPU
		{EFA975E3-9A02-4205-BBB8-9D976E765444}.Release|Any CPU.Build.0 = Release|Any CPU
		{A1848CF1-865A-4EF4-863B-791862829CBC}.Debug|Any CPU.ActiveCfg = Debug|Any CPU
		{A1848CF1-865A-4EF4-863B-791862829CBC}.Debug|Any CPU.Build.0 = Debug|Any CPU
		{A1848CF1-865A-4EF4-863B-791862829CBC}.Release|Any CPU.ActiveCfg = Release|Any CPU
		{A1848CF1-865A-4EF4-863B-791862829CBC}.Release|Any CPU.Build.0 = Release|Any CPU
		{945D0E5F-24A5-43EA-8FE0-246DC7D5D97C}.Debug|Any CPU.ActiveCfg = Debug|Any CPU
		{945D0E5F-24A5-43EA-8FE0-246DC7D5D97C}.Debug|Any CPU.Build.0 = Debug|Any CPU
		{945D0E5F-24A5-43EA-8FE0-246DC7D5D97C}.Release|Any CPU.ActiveCfg = Release|Any CPU
		{945D0E5F-24A5-43EA-8FE0-246DC7D5D97C}.Release|Any CPU.Build.0 = Release|Any CPU
		{7C749D74-0BEC-46FB-B9F2-C9B4CB81F185}.Debug|Any CPU.ActiveCfg = Debug|Any CPU
		{7C749D74-0BEC-46FB-B9F2-C9B4CB81F185}.Debug|Any CPU.Build.0 = Debug|Any CPU
		{7C749D74-0BEC-46FB-B9F2-C9B4CB81F185}.Release|Any CPU.ActiveCfg = Release|Any CPU
		{7C749D74-0BEC-46FB-B9F2-C9B4CB81F185}.Release|Any CPU.Build.0 = Release|Any CPU
	EndGlobalSection
	GlobalSection(SolutionProperties) = preSolution
		HideSolutionNode = FALSE
	EndGlobalSection
	GlobalSection(ExtensibilityGlobals) = postSolution
		SolutionGuid = {136A670E-C94F-4B3C-8ECA-ABA44588B505}
	EndGlobalSection
EndGlobal
